// !$*UTF8*$!
{
	archiveVersion = 1;
	classes = {
	};
	objectVersion = 50;
	objects = {

/* Begin PBXBuildFile section */
		2E0B80F121BCA86000E8AE37 /* MasonryTestViewController.m in Sources */ = {isa = PBXBuildFile; fileRef = 2E0B80F021BCA86000E8AE37 /* MasonryTestViewController.m */; };
		2E0B80FB21BCBD2900E8AE37 /* BaseViewController.m in Sources */ = {isa = PBXBuildFile; fileRef = 2E0B80FA21BCBD2900E8AE37 /* BaseViewController.m */; };
		2E0B80FE21BCE52700E8AE37 /* NetTestViewController.m in Sources */ = {isa = PBXBuildFile; fileRef = 2E0B80FD21BCE52700E8AE37 /* NetTestViewController.m */; };
		2E0B810221BCE83D00E8AE37 /* DownImgViewController.m in Sources */ = {isa = PBXBuildFile; fileRef = 2E0B810121BCE83D00E8AE37 /* DownImgViewController.m */; };
		2E0B810521BCED1500E8AE37 /* NavigationRootViewController.m in Sources */ = {isa = PBXBuildFile; fileRef = 2E0B810421BCED1500E8AE37 /* NavigationRootViewController.m */; };
		2E0B810821BCED3400E8AE37 /* RootViewController.m in Sources */ = {isa = PBXBuildFile; fileRef = 2E0B810721BCED3400E8AE37 /* RootViewController.m */; };
		2E0B810C21BD07CD00E8AE37 /* ViewTestViewController.m in Sources */ = {isa = PBXBuildFile; fileRef = 2E0B810B21BD07CD00E8AE37 /* ViewTestViewController.m */; };
		2E0B810F21BD0F7500E8AE37 /* images.xcassets in Resources */ = {isa = PBXBuildFile; fileRef = 2E0B810E21BD0F7500E8AE37 /* images.xcassets */; };
		2E0B811921BD16B800E8AE37 /* image in Resources */ = {isa = PBXBuildFile; fileRef = 2E0B811821BD16B800E8AE37 /* image */; };
		2E0B811C21BD3AB300E8AE37 /* TableViewTestViewController.m in Sources */ = {isa = PBXBuildFile; fileRef = 2E0B811B21BD3AB300E8AE37 /* TableViewTestViewController.m */; };
		2E0B812021BDEADC00E8AE37 /* TableViewData.m in Sources */ = {isa = PBXBuildFile; fileRef = 2E0B811F21BDEADC00E8AE37 /* TableViewData.m */; };
		2E0B812321BE291F00E8AE37 /* TableViewTestCell.m in Sources */ = {isa = PBXBuildFile; fileRef = 2E0B812221BE291F00E8AE37 /* TableViewTestCell.m */; };
		2E0C6E0C21C5DDA100E52214 /* PerSon.m in Sources */ = {isa = PBXBuildFile; fileRef = 2E0C6E0B21C5DDA100E52214 /* PerSon.m */; };
		2E0C6E0F21C606DA00E52214 /* AudioStreamerViewController.m in Sources */ = {isa = PBXBuildFile; fileRef = 2E0C6E0E21C606DA00E52214 /* AudioStreamerViewController.m */; };
		2E0C6E1221C6097300E52214 /* FMDBViewController.m in Sources */ = {isa = PBXBuildFile; fileRef = 2E0C6E1121C6097300E52214 /* FMDBViewController.m */; };
		2E0C6E1521C609A800E52214 /* MJRefreshTestViewController.m in Sources */ = {isa = PBXBuildFile; fileRef = 2E0C6E1421C609A800E52214 /* MJRefreshTestViewController.m */; };
		2E1019EF21DDCEB60053585C /* YKUICollectionViewFlowLayout.m in Sources */ = {isa = PBXBuildFile; fileRef = 2E1019EE21DDCEB60053585C /* YKUICollectionViewFlowLayout.m */; };
		2E1019F121DDE0840053585C /* AudioToolbox.framework in Frameworks */ = {isa = PBXBuildFile; fileRef = 2E1019F021DDE0830053585C /* AudioToolbox.framework */; };
		2E1019F321DDE0940053585C /* AVFoundation.framework in Frameworks */ = {isa = PBXBuildFile; fileRef = 2E1019F221DDE0930053585C /* AVFoundation.framework */; };
		2E1019F521DDE0A90053585C /* libz.tbd in Frameworks */ = {isa = PBXBuildFile; fileRef = 2E1019F421DDE0A90053585C /* libz.tbd */; };
		2E1019F721DDE0B60053585C /* libbz2.tbd in Frameworks */ = {isa = PBXBuildFile; fileRef = 2E1019F621DDE0B50053585C /* libbz2.tbd */; };
		2E1019F921DDE0C10053585C /* CoreGraphics.framework in Frameworks */ = {isa = PBXBuildFile; fileRef = 2E1019F821DDE0C10053585C /* CoreGraphics.framework */; };
		2E1019FB21DDE0D00053585C /* CoreMedia.framework in Frameworks */ = {isa = PBXBuildFile; fileRef = 2E1019FA21DDE0CF0053585C /* CoreMedia.framework */; };
		2E1019FD21DDE0DA0053585C /* CoreVideo.framework in Frameworks */ = {isa = PBXBuildFile; fileRef = 2E1019FC21DDE0DA0053585C /* CoreVideo.framework */; };
		2E1019FF21DDE0F00053585C /* MediaPlayer.framework in Frameworks */ = {isa = PBXBuildFile; fileRef = 2E1019FE21DDE0F00053585C /* MediaPlayer.framework */; };
		2E101A0121DDE0FC0053585C /* MobileCoreServices.framework in Frameworks */ = {isa = PBXBuildFile; fileRef = 2E101A0021DDE0FC0053585C /* MobileCoreServices.framework */; };
		2E101A0321DDE1090053585C /* OpenGLES.framework in Frameworks */ = {isa = PBXBuildFile; fileRef = 2E101A0221DDE1090053585C /* OpenGLES.framework */; };
		2E101A0521DDE1180053585C /* QuartzCore.framework in Frameworks */ = {isa = PBXBuildFile; fileRef = 2E101A0421DDE1180053585C /* QuartzCore.framework */; };
		2E101A0721DDE1210053585C /* UIKit.framework in Frameworks */ = {isa = PBXBuildFile; fileRef = 2E101A0621DDE1210053585C /* UIKit.framework */; };
		2E101A0921DDE12D0053585C /* VideoToolbox.framework in Frameworks */ = {isa = PBXBuildFile; fileRef = 2E101A0821DDE12D0053585C /* VideoToolbox.framework */; };
		2E1D178721B6A08F00A473D9 /* AppDelegate.m in Sources */ = {isa = PBXBuildFile; fileRef = 2E1D178621B6A08F00A473D9 /* AppDelegate.m */; };
		2E1D178D21B6A08F00A473D9 /* Main.storyboard in Resources */ = {isa = PBXBuildFile; fileRef = 2E1D178B21B6A08F00A473D9 /* Main.storyboard */; };
		2E1D178F21B6A09200A473D9 /* Assets.xcassets in Resources */ = {isa = PBXBuildFile; fileRef = 2E1D178E21B6A09200A473D9 /* Assets.xcassets */; };
		2E1D179221B6A09200A473D9 /* LaunchScreen.storyboard in Resources */ = {isa = PBXBuildFile; fileRef = 2E1D179021B6A09200A473D9 /* LaunchScreen.storyboard */; };
		2E1D179521B6A09200A473D9 /* main.m in Sources */ = {isa = PBXBuildFile; fileRef = 2E1D179421B6A09200A473D9 /* main.m */; };
		2E1D179F21B6A09200A473D9 /* IOS_binTests.m in Sources */ = {isa = PBXBuildFile; fileRef = 2E1D179E21B6A09200A473D9 /* IOS_binTests.m */; };
		2E1D17AA21B6A09200A473D9 /* IOS_binUITests.m in Sources */ = {isa = PBXBuildFile; fileRef = 2E1D17A921B6A09200A473D9 /* IOS_binUITests.m */; };
		2E1D17BF21B7FD3A00A473D9 /* ViewUtils.m in Sources */ = {isa = PBXBuildFile; fileRef = 2E1D17BE21B7FD3A00A473D9 /* ViewUtils.m */; };
		2E20505A21CE665D0025C587 /* UIImageView+SDWebImage.m in Sources */ = {isa = PBXBuildFile; fileRef = 2E20505521CE665D0025C587 /* UIImageView+SDWebImage.m */; };
		2E20505B21CE665D0025C587 /* HttpTool.m in Sources */ = {isa = PBXBuildFile; fileRef = 2E20505821CE665D0025C587 /* HttpTool.m */; };
		2E20506721CE66820025C587 /* SXTUserHelper.m in Sources */ = {isa = PBXBuildFile; fileRef = 2E20506021CE66820025C587 /* SXTUserHelper.m */; };
		2E20506821CE66820025C587 /* SXTCacheHelper.m in Sources */ = {isa = PBXBuildFile; fileRef = 2E20506121CE66820025C587 /* SXTCacheHelper.m */; };
		2E20506921CE66820025C587 /* UIColor+HEX.m in Sources */ = {isa = PBXBuildFile; fileRef = 2E20506321CE66820025C587 /* UIColor+HEX.m */; };
		2E20506A21CE66820025C587 /* NSString+CachePath.m in Sources */ = {isa = PBXBuildFile; fileRef = 2E20506621CE66820025C587 /* NSString+CachePath.m */; };
		2E20506D21CE745B0025C587 /* BINScrollViewTestViewController.m in Sources */ = {isa = PBXBuildFile; fileRef = 2E20506C21CE745B0025C587 /* BINScrollViewTestViewController.m */; };
		2E20507221CF2BDC0025C587 /* SXTCreator.m in Sources */ = {isa = PBXBuildFile; fileRef = 2E20507121CF2BDC0025C587 /* SXTCreator.m */; };
		2E20507521CF2EE30025C587 /* YKResponse.m in Sources */ = {isa = PBXBuildFile; fileRef = 2E20507421CF2EE30025C587 /* YKResponse.m */; };
		2E20507821CF2F430025C587 /* YKCards.m in Sources */ = {isa = PBXBuildFile; fileRef = 2E20507721CF2F430025C587 /* YKCards.m */; };
		2E20507B21CF2FC30025C587 /* SXTCover.m in Sources */ = {isa = PBXBuildFile; fileRef = 2E20507A21CF2FC30025C587 /* SXTCover.m */; };
		2E20507E21CF31300025C587 /* SXTData.m in Sources */ = {isa = PBXBuildFile; fileRef = 2E20507D21CF31300025C587 /* SXTData.m */; };
		2E20508121CF316E0025C587 /* YKLiveInfo.m in Sources */ = {isa = PBXBuildFile; fileRef = 2E20508021CF316E0025C587 /* YKLiveInfo.m */; };
		2E20508421CF430B0025C587 /* YingkNetHelper.m in Sources */ = {isa = PBXBuildFile; fileRef = 2E20508321CF430B0025C587 /* YingkNetHelper.m */; };
		2E20508821CF93A20025C587 /* BINScrollViewController.m in Sources */ = {isa = PBXBuildFile; fileRef = 2E20508721CF93A20025C587 /* BINScrollViewController.m */; };
		2E20508E21CF9C9A0025C587 /* BINNearByViewController.m in Sources */ = {isa = PBXBuildFile; fileRef = 2E20508D21CF9C9A0025C587 /* BINNearByViewController.m */; };
		2E20509121CF9CF50025C587 /* BINLiveViewController.m in Sources */ = {isa = PBXBuildFile; fileRef = 2E20509021CF9CF50025C587 /* BINLiveViewController.m */; };
		2E20509421CF9D1C0025C587 /* BINUserFeedViewController.m in Sources */ = {isa = PBXBuildFile; fileRef = 2E20509321CF9D1C0025C587 /* BINUserFeedViewController.m */; };
		2E20509821CFA5D60025C587 /* YKMainTopView.m in Sources */ = {isa = PBXBuildFile; fileRef = 2E20509621CFA5D60025C587 /* YKMainTopView.m */; };
		2E20509B21CFBCCF0025C587 /* BINPlayViewController.m in Sources */ = {isa = PBXBuildFile; fileRef = 2E20509A21CFBCCF0025C587 /* BINPlayViewController.m */; };
		2E20509D21CFBD4F0025C587 /* IJKMediaFramework.framework in Frameworks */ = {isa = PBXBuildFile; fileRef = 2E20509C21CFBD4F0025C587 /* IJKMediaFramework.framework */; };
		2EAA54FA21DB271D00450F13 /* YKNearByTableViewCell.m in Sources */ = {isa = PBXBuildFile; fileRef = 2EAA54F921DB271D00450F13 /* YKNearByTableViewCell.m */; };
		2EAA54FD21DB979900450F13 /* YKBannerTableViewCell.m in Sources */ = {isa = PBXBuildFile; fileRef = 2EAA54FC21DB979900450F13 /* YKBannerTableViewCell.m */; };
		2EAA550021DB97B600450F13 /* YKLiveBaseTableViewCell.m in Sources */ = {isa = PBXBuildFile; fileRef = 2EAA54FF21DB97B600450F13 /* YKLiveBaseTableViewCell.m */; };
		2EAA550321DBA20000450F13 /* YKTicker.m in Sources */ = {isa = PBXBuildFile; fileRef = 2EAA550221DBA20000450F13 /* YKTicker.m */; };
		2EAA550621DC81C200450F13 /* YKLiveCollectionViewCell.m in Sources */ = {isa = PBXBuildFile; fileRef = 2EAA550521DC81C200450F13 /* YKLiveCollectionViewCell.m */; };
		2EF762D221BA320100ABFEB1 /* ZBProgress.m in Sources */ = {isa = PBXBuildFile; fileRef = 2EF762D121BA320100ABFEB1 /* ZBProgress.m */; };
		A7E6421AB2B0E9B67D05F003 /* libPods-IOS_bin.a in Frameworks */ = {isa = PBXBuildFile; fileRef = A7E436C4263F4D6560C4FAC5 /* libPods-IOS_bin.a */; };
/* End PBXBuildFile section */

/* Begin PBXContainerItemProxy section */
		2E1D179B21B6A09200A473D9 /* PBXContainerItemProxy */ = {
			isa = PBXContainerItemProxy;
			containerPortal = 2E1D177A21B6A08F00A473D9 /* Project object */;
			proxyType = 1;
			remoteGlobalIDString = 2E1D178121B6A08F00A473D9;
			remoteInfo = IOS_bin;
		};
		2E1D17A621B6A09200A473D9 /* PBXContainerItemProxy */ = {
			isa = PBXContainerItemProxy;
			containerPortal = 2E1D177A21B6A08F00A473D9 /* Project object */;
			proxyType = 1;
			remoteGlobalIDString = 2E1D178121B6A08F00A473D9;
			remoteInfo = IOS_bin;
		};
/* End PBXContainerItemProxy section */

/* Begin PBXFileReference section */
		088E4DF72C87DFB0AEC29C16 /* Pods-IOS_bin.debug.xcconfig */ = {isa = PBXFileReference; includeInIndex = 1; lastKnownFileType = text.xcconfig; name = "Pods-IOS_bin.debug.xcconfig"; path = "Target Support Files/Pods-IOS_bin/Pods-IOS_bin.debug.xcconfig"; sourceTree = "<group>"; };
		2E0B80EF21BCA86000E8AE37 /* MasonryTestViewController.h */ = {isa = PBXFileReference; lastKnownFileType = sourcecode.c.h; path = MasonryTestViewController.h; sourceTree = "<group>"; };
		2E0B80F021BCA86000E8AE37 /* MasonryTestViewController.m */ = {isa = PBXFileReference; lastKnownFileType = sourcecode.c.objc; path = MasonryTestViewController.m; sourceTree = "<group>"; };
		2E0B80F921BCBD2900E8AE37 /* BaseViewController.h */ = {isa = PBXFileReference; lastKnownFileType = sourcecode.c.h; path = BaseViewController.h; sourceTree = "<group>"; };
		2E0B80FA21BCBD2900E8AE37 /* BaseViewController.m */ = {isa = PBXFileReference; lastKnownFileType = sourcecode.c.objc; path = BaseViewController.m; sourceTree = "<group>"; };
		2E0B80FC21BCE52700E8AE37 /* NetTestViewController.h */ = {isa = PBXFileReference; lastKnownFileType = sourcecode.c.h; path = NetTestViewController.h; sourceTree = "<group>"; };
		2E0B80FD21BCE52700E8AE37 /* NetTestViewController.m */ = {isa = PBXFileReference; lastKnownFileType = sourcecode.c.objc; path = NetTestViewController.m; sourceTree = "<group>"; };
		2E0B810021BCE83D00E8AE37 /* DownImgViewController.h */ = {isa = PBXFileReference; lastKnownFileType = sourcecode.c.h; path = DownImgViewController.h; sourceTree = "<group>"; };
		2E0B810121BCE83D00E8AE37 /* DownImgViewController.m */ = {isa = PBXFileReference; lastKnownFileType = sourcecode.c.objc; path = DownImgViewController.m; sourceTree = "<group>"; };
		2E0B810321BCED1500E8AE37 /* NavigationRootViewController.h */ = {isa = PBXFileReference; lastKnownFileType = sourcecode.c.h; path = NavigationRootViewController.h; sourceTree = "<group>"; };
		2E0B810421BCED1500E8AE37 /* NavigationRootViewController.m */ = {isa = PBXFileReference; lastKnownFileType = sourcecode.c.objc; path = NavigationRootViewController.m; sourceTree = "<group>"; };
		2E0B810621BCED3400E8AE37 /* RootViewController.h */ = {isa = PBXFileReference; lastKnownFileType = sourcecode.c.h; path = RootViewController.h; sourceTree = "<group>"; };
		2E0B810721BCED3400E8AE37 /* RootViewController.m */ = {isa = PBXFileReference; lastKnownFileType = sourcecode.c.objc; path = RootViewController.m; sourceTree = "<group>"; };
		2E0B810A21BD07CD00E8AE37 /* ViewTestViewController.h */ = {isa = PBXFileReference; lastKnownFileType = sourcecode.c.h; path = ViewTestViewController.h; sourceTree = "<group>"; };
		2E0B810B21BD07CD00E8AE37 /* ViewTestViewController.m */ = {isa = PBXFileReference; lastKnownFileType = sourcecode.c.objc; path = ViewTestViewController.m; sourceTree = "<group>"; };
		2E0B810E21BD0F7500E8AE37 /* images.xcassets */ = {isa = PBXFileReference; lastKnownFileType = folder.assetcatalog; path = images.xcassets; sourceTree = "<group>"; };
		2E0B811821BD16B800E8AE37 /* image */ = {isa = PBXFileReference; lastKnownFileType = folder; path = image; sourceTree = "<group>"; };
		2E0B811A21BD3AB300E8AE37 /* TableViewTestViewController.h */ = {isa = PBXFileReference; lastKnownFileType = sourcecode.c.h; path = TableViewTestViewController.h; sourceTree = "<group>"; };
		2E0B811B21BD3AB300E8AE37 /* TableViewTestViewController.m */ = {isa = PBXFileReference; lastKnownFileType = sourcecode.c.objc; path = TableViewTestViewController.m; sourceTree = "<group>"; };
		2E0B811E21BDEADC00E8AE37 /* TableViewData.h */ = {isa = PBXFileReference; lastKnownFileType = sourcecode.c.h; path = TableViewData.h; sourceTree = "<group>"; };
		2E0B811F21BDEADC00E8AE37 /* TableViewData.m */ = {isa = PBXFileReference; lastKnownFileType = sourcecode.c.objc; path = TableViewData.m; sourceTree = "<group>"; };
		2E0B812121BE291F00E8AE37 /* TableViewTestCell.h */ = {isa = PBXFileReference; lastKnownFileType = sourcecode.c.h; path = TableViewTestCell.h; sourceTree = "<group>"; };
		2E0B812221BE291F00E8AE37 /* TableViewTestCell.m */ = {isa = PBXFileReference; lastKnownFileType = sourcecode.c.objc; path = TableViewTestCell.m; sourceTree = "<group>"; };
		2E0C6E0A21C5DDA100E52214 /* PerSon.h */ = {isa = PBXFileReference; lastKnownFileType = sourcecode.c.h; path = PerSon.h; sourceTree = "<group>"; };
		2E0C6E0B21C5DDA100E52214 /* PerSon.m */ = {isa = PBXFileReference; lastKnownFileType = sourcecode.c.objc; path = PerSon.m; sourceTree = "<group>"; };
		2E0C6E0D21C606DA00E52214 /* AudioStreamerViewController.h */ = {isa = PBXFileReference; lastKnownFileType = sourcecode.c.h; path = AudioStreamerViewController.h; sourceTree = "<group>"; };
		2E0C6E0E21C606DA00E52214 /* AudioStreamerViewController.m */ = {isa = PBXFileReference; lastKnownFileType = sourcecode.c.objc; path = AudioStreamerViewController.m; sourceTree = "<group>"; };
		2E0C6E1021C6097300E52214 /* FMDBViewController.h */ = {isa = PBXFileReference; lastKnownFileType = sourcecode.c.h; path = FMDBViewController.h; sourceTree = "<group>"; };
		2E0C6E1121C6097300E52214 /* FMDBViewController.m */ = {isa = PBXFileReference; lastKnownFileType = sourcecode.c.objc; path = FMDBViewController.m; sourceTree = "<group>"; };
		2E0C6E1321C609A800E52214 /* MJRefreshTestViewController.h */ = {isa = PBXFileReference; lastKnownFileType = sourcecode.c.h; path = MJRefreshTestViewController.h; sourceTree = "<group>"; };
		2E0C6E1421C609A800E52214 /* MJRefreshTestViewController.m */ = {isa = PBXFileReference; lastKnownFileType = sourcecode.c.objc; path = MJRefreshTestViewController.m; sourceTree = "<group>"; };
		2E1019ED21DDCEB60053585C /* YKUICollectionViewFlowLayout.h */ = {isa = PBXFileReference; lastKnownFileType = sourcecode.c.h; path = YKUICollectionViewFlowLayout.h; sourceTree = "<group>"; };
		2E1019EE21DDCEB60053585C /* YKUICollectionViewFlowLayout.m */ = {isa = PBXFileReference; lastKnownFileType = sourcecode.c.objc; path = YKUICollectionViewFlowLayout.m; sourceTree = "<group>"; };
		2E1019F021DDE0830053585C /* AudioToolbox.framework */ = {isa = PBXFileReference; lastKnownFileType = wrapper.framework; name = AudioToolbox.framework; path = System/Library/Frameworks/AudioToolbox.framework; sourceTree = SDKROOT; };
		2E1019F221DDE0930053585C /* AVFoundation.framework */ = {isa = PBXFileReference; lastKnownFileType = wrapper.framework; name = AVFoundation.framework; path = System/Library/Frameworks/AVFoundation.framework; sourceTree = SDKROOT; };
		2E1019F421DDE0A90053585C /* libz.tbd */ = {isa = PBXFileReference; lastKnownFileType = "sourcecode.text-based-dylib-definition"; name = libz.tbd; path = usr/lib/libz.tbd; sourceTree = SDKROOT; };
		2E1019F621DDE0B50053585C /* libbz2.tbd */ = {isa = PBXFileReference; lastKnownFileType = "sourcecode.text-based-dylib-definition"; name = libbz2.tbd; path = usr/lib/libbz2.tbd; sourceTree = SDKROOT; };
		2E1019F821DDE0C10053585C /* CoreGraphics.framework */ = {isa = PBXFileReference; lastKnownFileType = wrapper.framework; name = CoreGraphics.framework; path = System/Library/Frameworks/CoreGraphics.framework; sourceTree = SDKROOT; };
		2E1019FA21DDE0CF0053585C /* CoreMedia.framework */ = {isa = PBXFileReference; lastKnownFileType = wrapper.framework; name = CoreMedia.framework; path = System/Library/Frameworks/CoreMedia.framework; sourceTree = SDKROOT; };
		2E1019FC21DDE0DA0053585C /* CoreVideo.framework */ = {isa = PBXFileReference; lastKnownFileType = wrapper.framework; name = CoreVideo.framework; path = System/Library/Frameworks/CoreVideo.framework; sourceTree = SDKROOT; };
		2E1019FE21DDE0F00053585C /* MediaPlayer.framework */ = {isa = PBXFileReference; lastKnownFileType = wrapper.framework; name = MediaPlayer.framework; path = System/Library/Frameworks/MediaPlayer.framework; sourceTree = SDKROOT; };
		2E101A0021DDE0FC0053585C /* MobileCoreServices.framework */ = {isa = PBXFileReference; lastKnownFileType = wrapper.framework; name = MobileCoreServices.framework; path = System/Library/Frameworks/MobileCoreServices.framework; sourceTree = SDKROOT; };
		2E101A0221DDE1090053585C /* OpenGLES.framework */ = {isa = PBXFileReference; lastKnownFileType = wrapper.framework; name = OpenGLES.framework; path = System/Library/Frameworks/OpenGLES.framework; sourceTree = SDKROOT; };
		2E101A0421DDE1180053585C /* QuartzCore.framework */ = {isa = PBXFileReference; lastKnownFileType = wrapper.framework; name = QuartzCore.framework; path = System/Library/Frameworks/QuartzCore.framework; sourceTree = SDKROOT; };
		2E101A0621DDE1210053585C /* UIKit.framework */ = {isa = PBXFileReference; lastKnownFileType = wrapper.framework; name = UIKit.framework; path = System/Library/Frameworks/UIKit.framework; sourceTree = SDKROOT; };
		2E101A0821DDE12D0053585C /* VideoToolbox.framework */ = {isa = PBXFileReference; lastKnownFileType = wrapper.framework; name = VideoToolbox.framework; path = System/Library/Frameworks/VideoToolbox.framework; sourceTree = SDKROOT; };
		2E1D178221B6A08F00A473D9 /* IOS_bin.app */ = {isa = PBXFileReference; explicitFileType = wrapper.application; includeInIndex = 0; path = IOS_bin.app; sourceTree = BUILT_PRODUCTS_DIR; };
		2E1D178521B6A08F00A473D9 /* AppDelegate.h */ = {isa = PBXFileReference; lastKnownFileType = sourcecode.c.h; path = AppDelegate.h; sourceTree = "<group>"; };
		2E1D178621B6A08F00A473D9 /* AppDelegate.m */ = {isa = PBXFileReference; lastKnownFileType = sourcecode.c.objc; path = AppDelegate.m; sourceTree = "<group>"; };
		2E1D178C21B6A08F00A473D9 /* Base */ = {isa = PBXFileReference; lastKnownFileType = file.storyboard; name = Base; path = Base.lproj/Main.storyboard; sourceTree = "<group>"; };
		2E1D178E21B6A09200A473D9 /* Assets.xcassets */ = {isa = PBXFileReference; lastKnownFileType = folder.assetcatalog; path = Assets.xcassets; sourceTree = "<group>"; };
		2E1D179121B6A09200A473D9 /* Base */ = {isa = PBXFileReference; lastKnownFileType = file.storyboard; name = Base; path = Base.lproj/LaunchScreen.storyboard; sourceTree = "<group>"; };
		2E1D179321B6A09200A473D9 /* Info.plist */ = {isa = PBXFileReference; lastKnownFileType = text.plist.xml; path = Info.plist; sourceTree = "<group>"; };
		2E1D179421B6A09200A473D9 /* main.m */ = {isa = PBXFileReference; lastKnownFileType = sourcecode.c.objc; path = main.m; sourceTree = "<group>"; };
		2E1D179A21B6A09200A473D9 /* IOS_binTests.xctest */ = {isa = PBXFileReference; explicitFileType = wrapper.cfbundle; includeInIndex = 0; path = IOS_binTests.xctest; sourceTree = BUILT_PRODUCTS_DIR; };
		2E1D179E21B6A09200A473D9 /* IOS_binTests.m */ = {isa = PBXFileReference; lastKnownFileType = sourcecode.c.objc; path = IOS_binTests.m; sourceTree = "<group>"; };
		2E1D17A021B6A09200A473D9 /* Info.plist */ = {isa = PBXFileReference; lastKnownFileType = text.plist.xml; path = Info.plist; sourceTree = "<group>"; };
		2E1D17A521B6A09200A473D9 /* IOS_binUITests.xctest */ = {isa = PBXFileReference; explicitFileType = wrapper.cfbundle; includeInIndex = 0; path = IOS_binUITests.xctest; sourceTree = BUILT_PRODUCTS_DIR; };
		2E1D17A921B6A09200A473D9 /* IOS_binUITests.m */ = {isa = PBXFileReference; lastKnownFileType = sourcecode.c.objc; path = IOS_binUITests.m; sourceTree = "<group>"; };
		2E1D17AB21B6A09200A473D9 /* Info.plist */ = {isa = PBXFileReference; lastKnownFileType = text.plist.xml; path = Info.plist; sourceTree = "<group>"; };
		2E1D17B821B7FC5200A473D9 /* PrefixHeader.pch */ = {isa = PBXFileReference; lastKnownFileType = sourcecode.c.h; path = PrefixHeader.pch; sourceTree = "<group>"; };
		2E1D17BD21B7FD3A00A473D9 /* ViewUtils.h */ = {isa = PBXFileReference; lastKnownFileType = sourcecode.c.h; path = ViewUtils.h; sourceTree = "<group>"; };
		2E1D17BE21B7FD3A00A473D9 /* ViewUtils.m */ = {isa = PBXFileReference; lastKnownFileType = sourcecode.c.objc; path = ViewUtils.m; sourceTree = "<group>"; };
		2E20505521CE665D0025C587 /* UIImageView+SDWebImage.m */ = {isa = PBXFileReference; fileEncoding = 4; lastKnownFileType = sourcecode.c.objc; path = "UIImageView+SDWebImage.m"; sourceTree = "<group>"; };
		2E20505621CE665D0025C587 /* HttpTool.h */ = {isa = PBXFileReference; fileEncoding = 4; lastKnownFileType = sourcecode.c.h; path = HttpTool.h; sourceTree = "<group>"; };
		2E20505721CE665D0025C587 /* APIConfig.h */ = {isa = PBXFileReference; fileEncoding = 4; lastKnownFileType = sourcecode.c.h; path = APIConfig.h; sourceTree = "<group>"; };
		2E20505821CE665D0025C587 /* HttpTool.m */ = {isa = PBXFileReference; fileEncoding = 4; lastKnownFileType = sourcecode.c.objc; path = HttpTool.m; sourceTree = "<group>"; };
		2E20505921CE665D0025C587 /* UIImageView+SDWebImage.h */ = {isa = PBXFileReference; fileEncoding = 4; lastKnownFileType = sourcecode.c.h; path = "UIImageView+SDWebImage.h"; sourceTree = "<group>"; };
		2E20505E21CE66820025C587 /* SXTUserHelper.h */ = {isa = PBXFileReference; fileEncoding = 4; lastKnownFileType = sourcecode.c.h; path = SXTUserHelper.h; sourceTree = "<group>"; };
		2E20505F21CE66820025C587 /* SXTCacheHelper.h */ = {isa = PBXFileReference; fileEncoding = 4; lastKnownFileType = sourcecode.c.h; path = SXTCacheHelper.h; sourceTree = "<group>"; };
		2E20506021CE66820025C587 /* SXTUserHelper.m */ = {isa = PBXFileReference; fileEncoding = 4; lastKnownFileType = sourcecode.c.objc; path = SXTUserHelper.m; sourceTree = "<group>"; };
		2E20506121CE66820025C587 /* SXTCacheHelper.m */ = {isa = PBXFileReference; fileEncoding = 4; lastKnownFileType = sourcecode.c.objc; path = SXTCacheHelper.m; sourceTree = "<group>"; };
		2E20506321CE66820025C587 /* UIColor+HEX.m */ = {isa = PBXFileReference; fileEncoding = 4; lastKnownFileType = sourcecode.c.objc; path = "UIColor+HEX.m"; sourceTree = "<group>"; };
		2E20506421CE66820025C587 /* NSString+CachePath.h */ = {isa = PBXFileReference; fileEncoding = 4; lastKnownFileType = sourcecode.c.h; path = "NSString+CachePath.h"; sourceTree = "<group>"; };
		2E20506521CE66820025C587 /* UIColor+HEX.h */ = {isa = PBXFileReference; fileEncoding = 4; lastKnownFileType = sourcecode.c.h; path = "UIColor+HEX.h"; sourceTree = "<group>"; };
		2E20506621CE66820025C587 /* NSString+CachePath.m */ = {isa = PBXFileReference; fileEncoding = 4; lastKnownFileType = sourcecode.c.objc; path = "NSString+CachePath.m"; sourceTree = "<group>"; };
		2E20506B21CE745B0025C587 /* BINScrollViewTestViewController.h */ = {isa = PBXFileReference; lastKnownFileType = sourcecode.c.h; path = BINScrollViewTestViewController.h; sourceTree = "<group>"; };
		2E20506C21CE745B0025C587 /* BINScrollViewTestViewController.m */ = {isa = PBXFileReference; lastKnownFileType = sourcecode.c.objc; path = BINScrollViewTestViewController.m; sourceTree = "<group>"; };
		2E20507021CF2BDC0025C587 /* SXTCreator.h */ = {isa = PBXFileReference; lastKnownFileType = sourcecode.c.h; path = SXTCreator.h; sourceTree = "<group>"; };
		2E20507121CF2BDC0025C587 /* SXTCreator.m */ = {isa = PBXFileReference; lastKnownFileType = sourcecode.c.objc; path = SXTCreator.m; sourceTree = "<group>"; };
		2E20507321CF2EE30025C587 /* YKResponse.h */ = {isa = PBXFileReference; lastKnownFileType = sourcecode.c.h; path = YKResponse.h; sourceTree = "<group>"; };
		2E20507421CF2EE30025C587 /* YKResponse.m */ = {isa = PBXFileReference; lastKnownFileType = sourcecode.c.objc; path = YKResponse.m; sourceTree = "<group>"; };
		2E20507621CF2F430025C587 /* YKCards.h */ = {isa = PBXFileReference; lastKnownFileType = sourcecode.c.h; path = YKCards.h; sourceTree = "<group>"; };
		2E20507721CF2F430025C587 /* YKCards.m */ = {isa = PBXFileReference; lastKnownFileType = sourcecode.c.objc; path = YKCards.m; sourceTree = "<group>"; };
		2E20507921CF2FC30025C587 /* YKCover.h */ = {isa = PBXFileReference; lastKnownFileType = sourcecode.c.h; path = YKCover.h; sourceTree = "<group>"; };
		2E20507A21CF2FC30025C587 /* SXTCover.m */ = {isa = PBXFileReference; lastKnownFileType = sourcecode.c.objc; path = SXTCover.m; sourceTree = "<group>"; };
		2E20507C21CF31300025C587 /* SXTData.h */ = {isa = PBXFileReference; lastKnownFileType = sourcecode.c.h; path = SXTData.h; sourceTree = "<group>"; };
		2E20507D21CF31300025C587 /* SXTData.m */ = {isa = PBXFileReference; lastKnownFileType = sourcecode.c.objc; path = SXTData.m; sourceTree = "<group>"; };
		2E20507F21CF316E0025C587 /* YKLiveInfo.h */ = {isa = PBXFileReference; lastKnownFileType = sourcecode.c.h; path = YKLiveInfo.h; sourceTree = "<group>"; };
		2E20508021CF316E0025C587 /* YKLiveInfo.m */ = {isa = PBXFileReference; lastKnownFileType = sourcecode.c.objc; path = YKLiveInfo.m; sourceTree = "<group>"; };
		2E20508221CF430B0025C587 /* YingkNetHelper.h */ = {isa = PBXFileReference; lastKnownFileType = sourcecode.c.h; path = YingkNetHelper.h; sourceTree = "<group>"; };
		2E20508321CF430B0025C587 /* YingkNetHelper.m */ = {isa = PBXFileReference; lastKnownFileType = sourcecode.c.objc; path = YingkNetHelper.m; sourceTree = "<group>"; };
		2E20508621CF93A20025C587 /* BINScrollViewController.h */ = {isa = PBXFileReference; lastKnownFileType = sourcecode.c.h; path = BINScrollViewController.h; sourceTree = "<group>"; };
		2E20508721CF93A20025C587 /* BINScrollViewController.m */ = {isa = PBXFileReference; lastKnownFileType = sourcecode.c.objc; path = BINScrollViewController.m; sourceTree = "<group>"; };
		2E20508C21CF9C9A0025C587 /* BINNearByViewController.h */ = {isa = PBXFileReference; lastKnownFileType = sourcecode.c.h; path = BINNearByViewController.h; sourceTree = "<group>"; };
		2E20508D21CF9C9A0025C587 /* BINNearByViewController.m */ = {isa = PBXFileReference; lastKnownFileType = sourcecode.c.objc; path = BINNearByViewController.m; sourceTree = "<group>"; };
		2E20508F21CF9CF50025C587 /* BINLiveViewController.h */ = {isa = PBXFileReference; lastKnownFileType = sourcecode.c.h; path = BINLiveViewController.h; sourceTree = "<group>"; };
		2E20509021CF9CF50025C587 /* BINLiveViewController.m */ = {isa = PBXFileReference; lastKnownFileType = sourcecode.c.objc; path = BINLiveViewController.m; sourceTree = "<group>"; };
		2E20509221CF9D1C0025C587 /* BINUserFeedViewController.h */ = {isa = PBXFileReference; lastKnownFileType = sourcecode.c.h; path = BINUserFeedViewController.h; sourceTree = "<group>"; };
		2E20509321CF9D1C0025C587 /* BINUserFeedViewController.m */ = {isa = PBXFileReference; lastKnownFileType = sourcecode.c.objc; path = BINUserFeedViewController.m; sourceTree = "<group>"; };
		2E20509621CFA5D60025C587 /* YKMainTopView.m */ = {isa = PBXFileReference; fileEncoding = 4; lastKnownFileType = sourcecode.c.objc; path = YKMainTopView.m; sourceTree = "<group>"; };
		2E20509721CFA5D60025C587 /* YKMainTopView.h */ = {isa = PBXFileReference; fileEncoding = 4; lastKnownFileType = sourcecode.c.h; path = YKMainTopView.h; sourceTree = "<group>"; };
		2E20509921CFBCCF0025C587 /* BINPlayViewController.h */ = {isa = PBXFileReference; lastKnownFileType = sourcecode.c.h; path = BINPlayViewController.h; sourceTree = "<group>"; };
		2E20509A21CFBCCF0025C587 /* BINPlayViewController.m */ = {isa = PBXFileReference; lastKnownFileType = sourcecode.c.objc; path = BINPlayViewController.m; sourceTree = "<group>"; };
		2E20509C21CFBD4F0025C587 /* IJKMediaFramework.framework */ = {isa = PBXFileReference; lastKnownFileType = wrapper.framework; path = IJKMediaFramework.framework; sourceTree = "<group>"; };
		2EAA54F821DB271D00450F13 /* YKNearByTableViewCell.h */ = {isa = PBXFileReference; lastKnownFileType = sourcecode.c.h; path = YKNearByTableViewCell.h; sourceTree = "<group>"; };
		2EAA54F921DB271D00450F13 /* YKNearByTableViewCell.m */ = {isa = PBXFileReference; lastKnownFileType = sourcecode.c.objc; path = YKNearByTableViewCell.m; sourceTree = "<group>"; };
		2EAA54FB21DB979900450F13 /* YKBannerTableViewCell.h */ = {isa = PBXFileReference; lastKnownFileType = sourcecode.c.h; path = YKBannerTableViewCell.h; sourceTree = "<group>"; };
		2EAA54FC21DB979900450F13 /* YKBannerTableViewCell.m */ = {isa = PBXFileReference; lastKnownFileType = sourcecode.c.objc; path = YKBannerTableViewCell.m; sourceTree = "<group>"; };
		2EAA54FE21DB97B600450F13 /* YKLiveBaseTableViewCell.h */ = {isa = PBXFileReference; lastKnownFileType = sourcecode.c.h; path = YKLiveBaseTableViewCell.h; sourceTree = "<group>"; };
		2EAA54FF21DB97B600450F13 /* YKLiveBaseTableViewCell.m */ = {isa = PBXFileReference; lastKnownFileType = sourcecode.c.objc; path = YKLiveBaseTableViewCell.m; sourceTree = "<group>"; };
		2EAA550121DBA20000450F13 /* YKTicker.h */ = {isa = PBXFileReference; lastKnownFileType = sourcecode.c.h; path = YKTicker.h; sourceTree = "<group>"; };
		2EAA550221DBA20000450F13 /* YKTicker.m */ = {isa = PBXFileReference; lastKnownFileType = sourcecode.c.objc; path = YKTicker.m; sourceTree = "<group>"; };
		2EAA550421DC81C200450F13 /* YKLiveCollectionViewCell.h */ = {isa = PBXFileReference; lastKnownFileType = sourcecode.c.h; path = YKLiveCollectionViewCell.h; sourceTree = "<group>"; };
		2EAA550521DC81C200450F13 /* YKLiveCollectionViewCell.m */ = {isa = PBXFileReference; lastKnownFileType = sourcecode.c.objc; path = YKLiveCollectionViewCell.m; sourceTree = "<group>"; };
		2EF762D021BA320100ABFEB1 /* ZBProgress.h */ = {isa = PBXFileReference; lastKnownFileType = sourcecode.c.h; path = ZBProgress.h; sourceTree = "<group>"; };
		2EF762D121BA320100ABFEB1 /* ZBProgress.m */ = {isa = PBXFileReference; lastKnownFileType = sourcecode.c.objc; path = ZBProgress.m; sourceTree = "<group>"; };
		4F096417AA67803393D52E0E /* Pods-IOS_bin.release.xcconfig */ = {isa = PBXFileReference; includeInIndex = 1; lastKnownFileType = text.xcconfig; name = "Pods-IOS_bin.release.xcconfig"; path = "Target Support Files/Pods-IOS_bin/Pods-IOS_bin.release.xcconfig"; sourceTree = "<group>"; };
		A7E436C4263F4D6560C4FAC5 /* libPods-IOS_bin.a */ = {isa = PBXFileReference; explicitFileType = archive.ar; includeInIndex = 0; path = "libPods-IOS_bin.a"; sourceTree = BUILT_PRODUCTS_DIR; };
/* End PBXFileReference section */

/* Begin PBXFrameworksBuildPhase section */
		2E1D177F21B6A08F00A473D9 /* Frameworks */ = {
			isa = PBXFrameworksBuildPhase;
			buildActionMask = 2147483647;
			files = (
				2E101A0921DDE12D0053585C /* VideoToolbox.framework in Frameworks */,
				2E101A0721DDE1210053585C /* UIKit.framework in Frameworks */,
				2E101A0521DDE1180053585C /* QuartzCore.framework in Frameworks */,
				2E101A0321DDE1090053585C /* OpenGLES.framework in Frameworks */,
				2E101A0121DDE0FC0053585C /* MobileCoreServices.framework in Frameworks */,
				2E1019FF21DDE0F00053585C /* MediaPlayer.framework in Frameworks */,
				2E1019FD21DDE0DA0053585C /* CoreVideo.framework in Frameworks */,
				2E1019FB21DDE0D00053585C /* CoreMedia.framework in Frameworks */,
				2E1019F921DDE0C10053585C /* CoreGraphics.framework in Frameworks */,
				2E1019F721DDE0B60053585C /* libbz2.tbd in Frameworks */,
				2E1019F521DDE0A90053585C /* libz.tbd in Frameworks */,
				2E1019F321DDE0940053585C /* AVFoundation.framework in Frameworks */,
				2E1019F121DDE0840053585C /* AudioToolbox.framework in Frameworks */,
				A7E6421AB2B0E9B67D05F003 /* libPods-IOS_bin.a in Frameworks */,
				2E20509D21CFBD4F0025C587 /* IJKMediaFramework.framework in Frameworks */,
			);
			runOnlyForDeploymentPostprocessing = 0;
		};
		2E1D179721B6A09200A473D9 /* Frameworks */ = {
			isa = PBXFrameworksBuildPhase;
			buildActionMask = 2147483647;
			files = (
			);
			runOnlyForDeploymentPostprocessing = 0;
		};
		2E1D17A221B6A09200A473D9 /* Frameworks */ = {
			isa = PBXFrameworksBuildPhase;
			buildActionMask = 2147483647;
			files = (
			);
			runOnlyForDeploymentPostprocessing = 0;
		};
/* End PBXFrameworksBuildPhase section */

/* Begin PBXGroup section */
		2E0B80FF21BCE7F600E8AE37 /* testcontroller */ = {
			isa = PBXGroup;
			children = (
				2E0B80EF21BCA86000E8AE37 /* MasonryTestViewController.h */,
				2E0B80F021BCA86000E8AE37 /* MasonryTestViewController.m */,
				2E0B80FC21BCE52700E8AE37 /* NetTestViewController.h */,
				2E0B80FD21BCE52700E8AE37 /* NetTestViewController.m */,
				2E0B810021BCE83D00E8AE37 /* DownImgViewController.h */,
				2E0B810121BCE83D00E8AE37 /* DownImgViewController.m */,
				2E0B810A21BD07CD00E8AE37 /* ViewTestViewController.h */,
				2E0B810B21BD07CD00E8AE37 /* ViewTestViewController.m */,
				2E0B811A21BD3AB300E8AE37 /* TableViewTestViewController.h */,
				2E0B811B21BD3AB300E8AE37 /* TableViewTestViewController.m */,
				2E0C6E0D21C606DA00E52214 /* AudioStreamerViewController.h */,
				2E0C6E0E21C606DA00E52214 /* AudioStreamerViewController.m */,
				2E0C6E1021C6097300E52214 /* FMDBViewController.h */,
				2E0C6E1121C6097300E52214 /* FMDBViewController.m */,
				2E0C6E1321C609A800E52214 /* MJRefreshTestViewController.h */,
				2E0C6E1421C609A800E52214 /* MJRefreshTestViewController.m */,
				2E20506B21CE745B0025C587 /* BINScrollViewTestViewController.h */,
				2E20506C21CE745B0025C587 /* BINScrollViewTestViewController.m */,
			);
			path = testcontroller;
			sourceTree = "<group>";
		};
		2E0B811D21BDEABA00E8AE37 /* data */ = {
			isa = PBXGroup;
			children = (
				2E0B811E21BDEADC00E8AE37 /* TableViewData.h */,
				2E0B811F21BDEADC00E8AE37 /* TableViewData.m */,
				2E0C6E0A21C5DDA100E52214 /* PerSon.h */,
				2E0C6E0B21C5DDA100E52214 /* PerSon.m */,
			);
			path = data;
			sourceTree = "<group>";
		};
		2E1D177921B6A08F00A473D9 = {
			isa = PBXGroup;
			children = (
				2E1D178421B6A08F00A473D9 /* IOS_bin */,
				2E1D179D21B6A09200A473D9 /* IOS_binTests */,
				2E1D17A821B6A09200A473D9 /* IOS_binUITests */,
				2E1D178321B6A08F00A473D9 /* Products */,
				7D510390455D6CE2AFDF734C /* Frameworks */,
				2F63F4F1D1A7023CE803D723 /* Pods */,
			);
			sourceTree = "<group>";
		};
		2E1D178321B6A08F00A473D9 /* Products */ = {
			isa = PBXGroup;
			children = (
				2E1D178221B6A08F00A473D9 /* IOS_bin.app */,
				2E1D179A21B6A09200A473D9 /* IOS_binTests.xctest */,
				2E1D17A521B6A09200A473D9 /* IOS_binUITests.xctest */,
			);
			name = Products;
			sourceTree = "<group>";
		};
		2E1D178421B6A08F00A473D9 /* IOS_bin */ = {
			isa = PBXGroup;
			children = (
				2E20505321CE62810025C587 /* product */,
				2E0B811D21BDEABA00E8AE37 /* data */,
				2E0B80FF21BCE7F600E8AE37 /* testcontroller */,
				2E1D17D121B80BB600A473D9 /* main */,
				2E1D17CD21B80B7000A473D9 /* controller */,
				2E1D17CF21B80B7000A473D9 /* manager */,
				2E1D17D021B80B7000A473D9 /* net */,
				2E1D17CE21B80B7000A473D9 /* view */,
				2E1D17B921B7FC6900A473D9 /* utils */,
				2E1D17B721B7FC2400A473D9 /* others */,
				2E1D178B21B6A08F00A473D9 /* Main.storyboard */,
				2E0B811821BD16B800E8AE37 /* image */,
				2E0B810E21BD0F7500E8AE37 /* images.xcassets */,
				2E1D178E21B6A09200A473D9 /* Assets.xcassets */,
				2E1D179021B6A09200A473D9 /* LaunchScreen.storyboard */,
				2E1D179321B6A09200A473D9 /* Info.plist */,
				2E1D179421B6A09200A473D9 /* main.m */,
			);
			path = IOS_bin;
			sourceTree = "<group>";
		};
		2E1D179D21B6A09200A473D9 /* IOS_binTests */ = {
			isa = PBXGroup;
			children = (
				2E1D179E21B6A09200A473D9 /* IOS_binTests.m */,
				2E1D17A021B6A09200A473D9 /* Info.plist */,
			);
			path = IOS_binTests;
			sourceTree = "<group>";
		};
		2E1D17A821B6A09200A473D9 /* IOS_binUITests */ = {
			isa = PBXGroup;
			children = (
				2E1D17A921B6A09200A473D9 /* IOS_binUITests.m */,
				2E1D17AB21B6A09200A473D9 /* Info.plist */,
			);
			path = IOS_binUITests;
			sourceTree = "<group>";
		};
		2E1D17B721B7FC2400A473D9 /* others */ = {
			isa = PBXGroup;
			children = (
				2E20505C21CE66820025C587 /* Helpers */,
				2E1D17B821B7FC5200A473D9 /* PrefixHeader.pch */,
			);
			path = others;
			sourceTree = "<group>";
		};
		2E1D17B921B7FC6900A473D9 /* utils */ = {
			isa = PBXGroup;
			children = (
				2E1D17BD21B7FD3A00A473D9 /* ViewUtils.h */,
				2E1D17BE21B7FD3A00A473D9 /* ViewUtils.m */,
			);
			path = utils;
			sourceTree = "<group>";
		};
		2E1D17CD21B80B7000A473D9 /* controller */ = {
			isa = PBXGroup;
			children = (
				2E0B80F921BCBD2900E8AE37 /* BaseViewController.h */,
				2E0B80FA21BCBD2900E8AE37 /* BaseViewController.m */,
				2E0B810321BCED1500E8AE37 /* NavigationRootViewController.h */,
				2E0B810421BCED1500E8AE37 /* NavigationRootViewController.m */,
				2E0B810621BCED3400E8AE37 /* RootViewController.h */,
				2E0B810721BCED3400E8AE37 /* RootViewController.m */,
			);
			path = controller;
			sourceTree = "<group>";
		};
		2E1D17CE21B80B7000A473D9 /* view */ = {
			isa = PBXGroup;
			children = (
				2EF762D021BA320100ABFEB1 /* ZBProgress.h */,
				2EF762D121BA320100ABFEB1 /* ZBProgress.m */,
				2E0B812121BE291F00E8AE37 /* TableViewTestCell.h */,
				2E0B812221BE291F00E8AE37 /* TableViewTestCell.m */,
			);
			path = view;
			sourceTree = "<group>";
		};
		2E1D17CF21B80B7000A473D9 /* manager */ = {
			isa = PBXGroup;
			children = (
			);
			path = manager;
			sourceTree = "<group>";
		};
		2E1D17D021B80B7000A473D9 /* net */ = {
			isa = PBXGroup;
			children = (
			);
			path = net;
			sourceTree = "<group>";
		};
		2E1D17D121B80BB600A473D9 /* main */ = {
			isa = PBXGroup;
			children = (
				2E1D178521B6A08F00A473D9 /* AppDelegate.h */,
				2E1D178621B6A08F00A473D9 /* AppDelegate.m */,
			);
			path = main;
			sourceTree = "<group>";
		};
		2E20505321CE62810025C587 /* product */ = {
			isa = PBXGroup;
			children = (
				2E20506E21CF2BA40025C587 /* yingke */,
				2E20505421CE665D0025C587 /* NetWork */,
			);
			path = product;
			sourceTree = "<group>";
		};
		2E20505421CE665D0025C587 /* NetWork */ = {
			isa = PBXGroup;
			children = (
				2E20505521CE665D0025C587 /* UIImageView+SDWebImage.m */,
				2E20505621CE665D0025C587 /* HttpTool.h */,
				2E20505721CE665D0025C587 /* APIConfig.h */,
				2E20505821CE665D0025C587 /* HttpTool.m */,
				2E20505921CE665D0025C587 /* UIImageView+SDWebImage.h */,
			);
			path = NetWork;
			sourceTree = "<group>";
		};
		2E20505C21CE66820025C587 /* Helpers */ = {
			isa = PBXGroup;
			children = (
				2E20505D21CE66820025C587 /* Tools */,
				2E20506221CE66820025C587 /* Categories */,
			);
			path = Helpers;
			sourceTree = "<group>";
		};
		2E20505D21CE66820025C587 /* Tools */ = {
			isa = PBXGroup;
			children = (
				2E20505E21CE66820025C587 /* SXTUserHelper.h */,
				2E20505F21CE66820025C587 /* SXTCacheHelper.h */,
				2E20506021CE66820025C587 /* SXTUserHelper.m */,
				2E20506121CE66820025C587 /* SXTCacheHelper.m */,
			);
			path = Tools;
			sourceTree = "<group>";
		};
		2E20506221CE66820025C587 /* Categories */ = {
			isa = PBXGroup;
			children = (
				2E20506321CE66820025C587 /* UIColor+HEX.m */,
				2E20506421CE66820025C587 /* NSString+CachePath.h */,
				2E20506521CE66820025C587 /* UIColor+HEX.h */,
				2E20506621CE66820025C587 /* NSString+CachePath.m */,
			);
			path = Categories;
			sourceTree = "<group>";
		};
		2E20506E21CF2BA40025C587 /* yingke */ = {
			isa = PBXGroup;
			children = (
				2E20509521CFA5BA0025C587 /* view */,
				2E20508521CF93530025C587 /* controller */,
				2E20506F21CF2BB50025C587 /* bean */,
				2E20508221CF430B0025C587 /* YingkNetHelper.h */,
				2E20508321CF430B0025C587 /* YingkNetHelper.m */,
			);
			path = yingke;
			sourceTree = "<group>";
		};
		2E20506F21CF2BB50025C587 /* bean */ = {
			isa = PBXGroup;
			children = (
				2E20507021CF2BDC0025C587 /* SXTCreator.h */,
				2E20507121CF2BDC0025C587 /* SXTCreator.m */,
				2E20507321CF2EE30025C587 /* YKResponse.h */,
				2E20507421CF2EE30025C587 /* YKResponse.m */,
				2E20507621CF2F430025C587 /* YKCards.h */,
				2E20507721CF2F430025C587 /* YKCards.m */,
				2E20507921CF2FC30025C587 /* YKCover.h */,
				2E20507A21CF2FC30025C587 /* SXTCover.m */,
				2E20507C21CF31300025C587 /* SXTData.h */,
				2E20507D21CF31300025C587 /* SXTData.m */,
				2E20507F21CF316E0025C587 /* YKLiveInfo.h */,
				2E20508021CF316E0025C587 /* YKLiveInfo.m */,
				2EAA550121DBA20000450F13 /* YKTicker.h */,
				2EAA550221DBA20000450F13 /* YKTicker.m */,
			);
			path = bean;
			sourceTree = "<group>";
		};
		2E20508521CF93530025C587 /* controller */ = {
			isa = PBXGroup;
			children = (
				2E20508621CF93A20025C587 /* BINScrollViewController.h */,
				2E20508721CF93A20025C587 /* BINScrollViewController.m */,
				2E20508C21CF9C9A0025C587 /* BINNearByViewController.h */,
				2E20508D21CF9C9A0025C587 /* BINNearByViewController.m */,
				2E20508F21CF9CF50025C587 /* BINLiveViewController.h */,
				2E20509021CF9CF50025C587 /* BINLiveViewController.m */,
				2E20509221CF9D1C0025C587 /* BINUserFeedViewController.h */,
				2E20509321CF9D1C0025C587 /* BINUserFeedViewController.m */,
				2E20509921CFBCCF0025C587 /* BINPlayViewController.h */,
				2E20509A21CFBCCF0025C587 /* BINPlayViewController.m */,
			);
			path = controller;
			sourceTree = "<group>";
		};
		2E20509521CFA5BA0025C587 /* view */ = {
			isa = PBXGroup;
			children = (
				2E20509721CFA5D60025C587 /* YKMainTopView.h */,
				2E20509621CFA5D60025C587 /* YKMainTopView.m */,
				2EAA54F821DB271D00450F13 /* YKNearByTableViewCell.h */,
				2EAA54F921DB271D00450F13 /* YKNearByTableViewCell.m */,
				2EAA54FB21DB979900450F13 /* YKBannerTableViewCell.h */,
				2EAA54FC21DB979900450F13 /* YKBannerTableViewCell.m */,
				2EAA54FE21DB97B600450F13 /* YKLiveBaseTableViewCell.h */,
				2EAA54FF21DB97B600450F13 /* YKLiveBaseTableViewCell.m */,
				2EAA550421DC81C200450F13 /* YKLiveCollectionViewCell.h */,
				2EAA550521DC81C200450F13 /* YKLiveCollectionViewCell.m */,
				2E1019ED21DDCEB60053585C /* YKUICollectionViewFlowLayout.h */,
				2E1019EE21DDCEB60053585C /* YKUICollectionViewFlowLayout.m */,
			);
			path = view;
			sourceTree = "<group>";
		};
		2F63F4F1D1A7023CE803D723 /* Pods */ = {
			isa = PBXGroup;
			children = (
				088E4DF72C87DFB0AEC29C16 /* Pods-IOS_bin.debug.xcconfig */,
				4F096417AA67803393D52E0E /* Pods-IOS_bin.release.xcconfig */,
			);
			path = Pods;
			sourceTree = "<group>";
		};
		7D510390455D6CE2AFDF734C /* Frameworks */ = {
			isa = PBXGroup;
			children = (
				2E101A0821DDE12D0053585C /* VideoToolbox.framework */,
				2E101A0621DDE1210053585C /* UIKit.framework */,
				2E101A0421DDE1180053585C /* QuartzCore.framework */,
				2E101A0221DDE1090053585C /* OpenGLES.framework */,
				2E101A0021DDE0FC0053585C /* MobileCoreServices.framework */,
				2E1019FE21DDE0F00053585C /* MediaPlayer.framework */,
				2E1019FC21DDE0DA0053585C /* CoreVideo.framework */,
				2E1019FA21DDE0CF0053585C /* CoreMedia.framework */,
				2E1019F821DDE0C10053585C /* CoreGraphics.framework */,
				2E1019F621DDE0B50053585C /* libbz2.tbd */,
				2E1019F421DDE0A90053585C /* libz.tbd */,
				2E1019F221DDE0930053585C /* AVFoundation.framework */,
				2E1019F021DDE0830053585C /* AudioToolbox.framework */,
				2E20509C21CFBD4F0025C587 /* IJKMediaFramework.framework */,
				A7E436C4263F4D6560C4FAC5 /* libPods-IOS_bin.a */,
			);
			name = Frameworks;
			sourceTree = "<group>";
		};
/* End PBXGroup section */

/* Begin PBXNativeTarget section */
		2E1D178121B6A08F00A473D9 /* IOS_bin */ = {
			isa = PBXNativeTarget;
			buildConfigurationList = 2E1D17AE21B6A09200A473D9 /* Build configuration list for PBXNativeTarget "IOS_bin" */;
			buildPhases = (
				B2AA8B9E9A4CA218F0B18BE0 /* [CP] Check Pods Manifest.lock */,
				2E1D177E21B6A08F00A473D9 /* Sources */,
				2E1D177F21B6A08F00A473D9 /* Frameworks */,
				2E1D178021B6A08F00A473D9 /* Resources */,
				1CC6EA501737B0BA77769B9E /* [CP] Copy Pods Resources */,
			);
			buildRules = (
			);
			dependencies = (
			);
			name = IOS_bin;
			productName = IOS_bin;
			productReference = 2E1D178221B6A08F00A473D9 /* IOS_bin.app */;
			productType = "com.apple.product-type.application";
		};
		2E1D179921B6A09200A473D9 /* IOS_binTests */ = {
			isa = PBXNativeTarget;
			buildConfigurationList = 2E1D17B121B6A09200A473D9 /* Build configuration list for PBXNativeTarget "IOS_binTests" */;
			buildPhases = (
				2E1D179621B6A09200A473D9 /* Sources */,
				2E1D179721B6A09200A473D9 /* Frameworks */,
				2E1D179821B6A09200A473D9 /* Resources */,
			);
			buildRules = (
			);
			dependencies = (
				2E1D179C21B6A09200A473D9 /* PBXTargetDependency */,
			);
			name = IOS_binTests;
			productName = IOS_binTests;
			productReference = 2E1D179A21B6A09200A473D9 /* IOS_binTests.xctest */;
			productType = "com.apple.product-type.bundle.unit-test";
		};
		2E1D17A421B6A09200A473D9 /* IOS_binUITests */ = {
			isa = PBXNativeTarget;
			buildConfigurationList = 2E1D17B421B6A09200A473D9 /* Build configuration list for PBXNativeTarget "IOS_binUITests" */;
			buildPhases = (
				2E1D17A121B6A09200A473D9 /* Sources */,
				2E1D17A221B6A09200A473D9 /* Frameworks */,
				2E1D17A321B6A09200A473D9 /* Resources */,
			);
			buildRules = (
			);
			dependencies = (
				2E1D17A721B6A09200A473D9 /* PBXTargetDependency */,
			);
			name = IOS_binUITests;
			productName = IOS_binUITests;
			productReference = 2E1D17A521B6A09200A473D9 /* IOS_binUITests.xctest */;
			productType = "com.apple.product-type.bundle.ui-testing";
		};
/* End PBXNativeTarget section */

/* Begin PBXProject section */
		2E1D177A21B6A08F00A473D9 /* Project object */ = {
			isa = PBXProject;
			attributes = {
				CLASSPREFIX = BIN;
				LastUpgradeCheck = 0940;
				ORGANIZATIONNAME = binbin;
				TargetAttributes = {
					2E1D178121B6A08F00A473D9 = {
						CreatedOnToolsVersion = 9.4.1;
					};
					2E1D179921B6A09200A473D9 = {
						CreatedOnToolsVersion = 9.4.1;
						TestTargetID = 2E1D178121B6A08F00A473D9;
					};
					2E1D17A421B6A09200A473D9 = {
						CreatedOnToolsVersion = 9.4.1;
						TestTargetID = 2E1D178121B6A08F00A473D9;
					};
				};
			};
			buildConfigurationList = 2E1D177D21B6A08F00A473D9 /* Build configuration list for PBXProject "IOS_bin" */;
			compatibilityVersion = "Xcode 9.3";
			developmentRegion = en;
			hasScannedForEncodings = 0;
			knownRegions = (
				en,
				Base,
			);
			mainGroup = 2E1D177921B6A08F00A473D9;
			productRefGroup = 2E1D178321B6A08F00A473D9 /* Products */;
			projectDirPath = "";
			projectRoot = "";
			targets = (
				2E1D178121B6A08F00A473D9 /* IOS_bin */,
				2E1D179921B6A09200A473D9 /* IOS_binTests */,
				2E1D17A421B6A09200A473D9 /* IOS_binUITests */,
			);
		};
/* End PBXProject section */

/* Begin PBXResourcesBuildPhase section */
		2E1D178021B6A08F00A473D9 /* Resources */ = {
			isa = PBXResourcesBuildPhase;
			buildActionMask = 2147483647;
			files = (
				2E1D179221B6A09200A473D9 /* LaunchScreen.storyboard in Resources */,
				2E0B811921BD16B800E8AE37 /* image in Resources */,
				2E0B810F21BD0F7500E8AE37 /* images.xcassets in Resources */,
				2E1D178F21B6A09200A473D9 /* Assets.xcassets in Resources */,
				2E1D178D21B6A08F00A473D9 /* Main.storyboard in Resources */,
			);
			runOnlyForDeploymentPostprocessing = 0;
		};
		2E1D179821B6A09200A473D9 /* Resources */ = {
			isa = PBXResourcesBuildPhase;
			buildActionMask = 2147483647;
			files = (
			);
			runOnlyForDeploymentPostprocessing = 0;
		};
		2E1D17A321B6A09200A473D9 /* Resources */ = {
			isa = PBXResourcesBuildPhase;
			buildActionMask = 2147483647;
			files = (
			);
			runOnlyForDeploymentPostprocessing = 0;
		};
/* End PBXResourcesBuildPhase section */

/* Begin PBXShellScriptBuildPhase section */
		1CC6EA501737B0BA77769B9E /* [CP] Copy Pods Resources */ = {
			isa = PBXShellScriptBuildPhase;
			buildActionMask = 2147483647;
			files = (
			);
			inputPaths = (
				"${PODS_ROOT}/Target Support Files/Pods-IOS_bin/Pods-IOS_bin-resources.sh",
				"${PODS_ROOT}/GooglePlaces/Frameworks/GooglePlaces.framework/Resources/GooglePlaces.bundle",
				"${PODS_ROOT}/MJRefresh/MJRefresh/MJRefresh.bundle",
			);
			name = "[CP] Copy Pods Resources";
			outputPaths = (
				"${TARGET_BUILD_DIR}/${UNLOCALIZED_RESOURCES_FOLDER_PATH}/GooglePlaces.bundle",
				"${TARGET_BUILD_DIR}/${UNLOCALIZED_RESOURCES_FOLDER_PATH}/MJRefresh.bundle",
			);
			runOnlyForDeploymentPostprocessing = 0;
			shellPath = /bin/sh;
			shellScript = "\"${PODS_ROOT}/Target Support Files/Pods-IOS_bin/Pods-IOS_bin-resources.sh\"\n";
			showEnvVarsInLog = 0;
		};
		B2AA8B9E9A4CA218F0B18BE0 /* [CP] Check Pods Manifest.lock */ = {
			isa = PBXShellScriptBuildPhase;
			buildActionMask = 2147483647;
			files = (
			);
			inputPaths = (
				"${PODS_PODFILE_DIR_PATH}/Podfile.lock",
				"${PODS_ROOT}/Manifest.lock",
			);
			name = "[CP] Check Pods Manifest.lock";
			outputPaths = (
				"$(DERIVED_FILE_DIR)/Pods-IOS_bin-checkManifestLockResult.txt",
			);
			runOnlyForDeploymentPostprocessing = 0;
			shellPath = /bin/sh;
			shellScript = "diff \"${PODS_PODFILE_DIR_PATH}/Podfile.lock\" \"${PODS_ROOT}/Manifest.lock\" > /dev/null\nif [ $? != 0 ] ; then\n    # print error to STDERR\n    echo \"error: The sandbox is not in sync with the Podfile.lock. Run 'pod install' or update your CocoaPods installation.\" >&2\n    exit 1\nfi\n# This output is used by Xcode 'outputs' to avoid re-running this script phase.\necho \"SUCCESS\" > \"${SCRIPT_OUTPUT_FILE_0}\"\n";
			showEnvVarsInLog = 0;
		};
/* End PBXShellScriptBuildPhase section */

/* Begin PBXSourcesBuildPhase section */
		2E1D177E21B6A08F00A473D9 /* Sources */ = {
			isa = PBXSourcesBuildPhase;
			buildActionMask = 2147483647;
			files = (
				2E20506721CE66820025C587 /* SXTUserHelper.m in Sources */,
				2E0B80F121BCA86000E8AE37 /* MasonryTestViewController.m in Sources */,
				2E0B80FB21BCBD2900E8AE37 /* BaseViewController.m in Sources */,
				2E20509821CFA5D60025C587 /* YKMainTopView.m in Sources */,
				2E20506A21CE66820025C587 /* NSString+CachePath.m in Sources */,
				2EF762D221BA320100ABFEB1 /* ZBProgress.m in Sources */,
				2EAA550621DC81C200450F13 /* YKLiveCollectionViewCell.m in Sources */,
				2E0B810521BCED1500E8AE37 /* NavigationRootViewController.m in Sources */,
				2E20507221CF2BDC0025C587 /* SXTCreator.m in Sources */,
				2E0B810821BCED3400E8AE37 /* RootViewController.m in Sources */,
				2E20506D21CE745B0025C587 /* BINScrollViewTestViewController.m in Sources */,
				2E20509B21CFBCCF0025C587 /* BINPlayViewController.m in Sources */,
				2E20506821CE66820025C587 /* SXTCacheHelper.m in Sources */,
				2E20508121CF316E0025C587 /* YKLiveInfo.m in Sources */,
				2E0B80FE21BCE52700E8AE37 /* NetTestViewController.m in Sources */,
				2E1D179521B6A09200A473D9 /* main.m in Sources */,
				2E20509421CF9D1C0025C587 /* BINUserFeedViewController.m in Sources */,
				2E0B810221BCE83D00E8AE37 /* DownImgViewController.m in Sources */,
				2E1D17BF21B7FD3A00A473D9 /* ViewUtils.m in Sources */,
				2E1D178721B6A08F00A473D9 /* AppDelegate.m in Sources */,
				2E20508421CF430B0025C587 /* YingkNetHelper.m in Sources */,
				2E20507B21CF2FC30025C587 /* SXTCover.m in Sources */,
				2EAA54FA21DB271D00450F13 /* YKNearByTableViewCell.m in Sources */,
				2E0B811C21BD3AB300E8AE37 /* TableViewTestViewController.m in Sources */,
				2E0B812321BE291F00E8AE37 /* TableViewTestCell.m in Sources */,
				2E0C6E0F21C606DA00E52214 /* AudioStreamerViewController.m in Sources */,
				2E0C6E0C21C5DDA100E52214 /* PerSon.m in Sources */,
				2E0C6E1221C6097300E52214 /* FMDBViewController.m in Sources */,
				2E1019EF21DDCEB60053585C /* YKUICollectionViewFlowLayout.m in Sources */,
				2E20508E21CF9C9A0025C587 /* BINNearByViewController.m in Sources */,
				2E0C6E1521C609A800E52214 /* MJRefreshTestViewController.m in Sources */,
				2EAA550021DB97B600450F13 /* YKLiveBaseTableViewCell.m in Sources */,
				2E0B812021BDEADC00E8AE37 /* TableViewData.m in Sources */,
				2E0B810C21BD07CD00E8AE37 /* ViewTestViewController.m in Sources */,
				2EAA54FD21DB979900450F13 /* YKBannerTableViewCell.m in Sources */,
				2E20506921CE66820025C587 /* UIColor+HEX.m in Sources */,
				2E20505A21CE665D0025C587 /* UIImageView+SDWebImage.m in Sources */,
				2E20507821CF2F430025C587 /* YKCards.m in Sources */,
				2E20507E21CF31300025C587 /* SXTData.m in Sources */,
				2EAA550321DBA20000450F13 /* YKTicker.m in Sources */,
				2E20507521CF2EE30025C587 /* YKResponse.m in Sources */,
				2E20509121CF9CF50025C587 /* BINLiveViewController.m in Sources */,
				2E20505B21CE665D0025C587 /* HttpTool.m in Sources */,
				2E20508821CF93A20025C587 /* BINScrollViewController.m in Sources */,
			);
			runOnlyForDeploymentPostprocessing = 0;
		};
		2E1D179621B6A09200A473D9 /* Sources */ = {
			isa = PBXSourcesBuildPhase;
			buildActionMask = 2147483647;
			files = (
				2E1D179F21B6A09200A473D9 /* IOS_binTests.m in Sources */,
			);
			runOnlyForDeploymentPostprocessing = 0;
		};
		2E1D17A121B6A09200A473D9 /* Sources */ = {
			isa = PBXSourcesBuildPhase;
			buildActionMask = 2147483647;
			files = (
				2E1D17AA21B6A09200A473D9 /* IOS_binUITests.m in Sources */,
			);
			runOnlyForDeploymentPostprocessing = 0;
		};
/* End PBXSourcesBuildPhase section */

/* Begin PBXTargetDependency section */
		2E1D179C21B6A09200A473D9 /* PBXTargetDependency */ = {
			isa = PBXTargetDependency;
			target = 2E1D178121B6A08F00A473D9 /* IOS_bin */;
			targetProxy = 2E1D179B21B6A09200A473D9 /* PBXContainerItemProxy */;
		};
		2E1D17A721B6A09200A473D9 /* PBXTargetDependency */ = {
			isa = PBXTargetDependency;
			target = 2E1D178121B6A08F00A473D9 /* IOS_bin */;
			targetProxy = 2E1D17A621B6A09200A473D9 /* PBXContainerItemProxy */;
		};
/* End PBXTargetDependency section */

/* Begin PBXVariantGroup section */
		2E1D178B21B6A08F00A473D9 /* Main.storyboard */ = {
			isa = PBXVariantGroup;
			children = (
				2E1D178C21B6A08F00A473D9 /* Base */,
			);
			name = Main.storyboard;
			sourceTree = "<group>";
		};
		2E1D179021B6A09200A473D9 /* LaunchScreen.storyboard */ = {
			isa = PBXVariantGroup;
			children = (
				2E1D179121B6A09200A473D9 /* Base */,
			);
			name = LaunchScreen.storyboard;
			sourceTree = "<group>";
		};
/* End PBXVariantGroup section */

/* Begin XCBuildConfiguration section */
		2E1D17AC21B6A09200A473D9 /* Debug */ = {
			isa = XCBuildConfiguration;
			buildSettings = {
				ALWAYS_SEARCH_USER_PATHS = NO;
				CLANG_ANALYZER_NONNULL = YES;
				CLANG_ANALYZER_NUMBER_OBJECT_CONVERSION = YES_AGGRESSIVE;
				CLANG_CXX_LANGUAGE_STANDARD = "gnu++14";
				CLANG_CXX_LIBRARY = "libc++";
				CLANG_ENABLE_MODULES = YES;
				CLANG_ENABLE_OBJC_ARC = YES;
				CLANG_ENABLE_OBJC_WEAK = YES;
				CLANG_WARN_BLOCK_CAPTURE_AUTORELEASING = YES;
				CLANG_WARN_BOOL_CONVERSION = YES;
				CLANG_WARN_COMMA = YES;
				CLANG_WARN_CONSTANT_CONVERSION = YES;
				CLANG_WARN_DEPRECATED_OBJC_IMPLEMENTATIONS = YES;
				CLANG_WARN_DIRECT_OBJC_ISA_USAGE = YES_ERROR;
				CLANG_WARN_DOCUMENTATION_COMMENTS = YES;
				CLANG_WARN_EMPTY_BODY = YES;
				CLANG_WARN_ENUM_CONVERSION = YES;
				CLANG_WARN_INFINITE_RECURSION = YES;
				CLANG_WARN_INT_CONVERSION = YES;
				CLANG_WARN_NON_LITERAL_NULL_CONVERSION = YES;
				CLANG_WARN_OBJC_IMPLICIT_RETAIN_SELF = YES;
				CLANG_WARN_OBJC_LITERAL_CONVERSION = YES;
				CLANG_WARN_OBJC_ROOT_CLASS = YES_ERROR;
				CLANG_WARN_RANGE_LOOP_ANALYSIS = YES;
				CLANG_WARN_STRICT_PROTOTYPES = YES;
				CLANG_WARN_SUSPICIOUS_MOVE = YES;
				CLANG_WARN_UNGUARDED_AVAILABILITY = YES_AGGRESSIVE;
				CLANG_WARN_UNREACHABLE_CODE = YES;
				CLANG_WARN__DUPLICATE_METHOD_MATCH = YES;
				CODE_SIGN_IDENTITY = "iPhone Developer";
				COPY_PHASE_STRIP = NO;
				DEBUG_INFORMATION_FORMAT = dwarf;
				ENABLE_STRICT_OBJC_MSGSEND = YES;
				ENABLE_TESTABILITY = YES;
				GCC_C_LANGUAGE_STANDARD = gnu11;
				GCC_DYNAMIC_NO_PIC = NO;
				GCC_NO_COMMON_BLOCKS = YES;
				GCC_OPTIMIZATION_LEVEL = 0;
				GCC_PREPROCESSOR_DEFINITIONS = (
					"DEBUG=1",
					"$(inherited)",
				);
				GCC_WARN_64_TO_32_BIT_CONVERSION = YES;
				GCC_WARN_ABOUT_RETURN_TYPE = YES_ERROR;
				GCC_WARN_UNDECLARED_SELECTOR = YES;
				GCC_WARN_UNINITIALIZED_AUTOS = YES_AGGRESSIVE;
				GCC_WARN_UNUSED_FUNCTION = YES;
				GCC_WARN_UNUSED_VARIABLE = YES;
				IPHONEOS_DEPLOYMENT_TARGET = 11.4;
				MTL_ENABLE_DEBUG_INFO = YES;
				ONLY_ACTIVE_ARCH = YES;
				SDKROOT = iphoneos;
			};
			name = Debug;
		};
		2E1D17AD21B6A09200A473D9 /* Release */ = {
			isa = XCBuildConfiguration;
			buildSettings = {
				ALWAYS_SEARCH_USER_PATHS = NO;
				CLANG_ANALYZER_NONNULL = YES;
				CLANG_ANALYZER_NUMBER_OBJECT_CONVERSION = YES_AGGRESSIVE;
				CLANG_CXX_LANGUAGE_STANDARD = "gnu++14";
				CLANG_CXX_LIBRARY = "libc++";
				CLANG_ENABLE_MODULES = YES;
				CLANG_ENABLE_OBJC_ARC = YES;
				CLANG_ENABLE_OBJC_WEAK = YES;
				CLANG_WARN_BLOCK_CAPTURE_AUTORELEASING = YES;
				CLANG_WARN_BOOL_CONVERSION = YES;
				CLANG_WARN_COMMA = YES;
				CLANG_WARN_CONSTANT_CONVERSION = YES;
				CLANG_WARN_DEPRECATED_OBJC_IMPLEMENTATIONS = YES;
				CLANG_WARN_DIRECT_OBJC_ISA_USAGE = YES_ERROR;
				CLANG_WARN_DOCUMENTATION_COMMENTS = YES;
				CLANG_WARN_EMPTY_BODY = YES;
				CLANG_WARN_ENUM_CONVERSION = YES;
				CLANG_WARN_INFINITE_RECURSION = YES;
				CLANG_WARN_INT_CONVERSION = YES;
				CLANG_WARN_NON_LITERAL_NULL_CONVERSION = YES;
				CLANG_WARN_OBJC_IMPLICIT_RETAIN_SELF = YES;
				CLANG_WARN_OBJC_LITERAL_CONVERSION = YES;
				CLANG_WARN_OBJC_ROOT_CLASS = YES_ERROR;
				CLANG_WARN_RANGE_LOOP_ANALYSIS = YES;
				CLANG_WARN_STRICT_PROTOTYPES = YES;
				CLANG_WARN_SUSPICIOUS_MOVE = YES;
				CLANG_WARN_UNGUARDED_AVAILABILITY = YES_AGGRESSIVE;
				CLANG_WARN_UNREACHABLE_CODE = YES;
				CLANG_WARN__DUPLICATE_METHOD_MATCH = YES;
				CODE_SIGN_IDENTITY = "iPhone Developer";
				COPY_PHASE_STRIP = NO;
				DEBUG_INFORMATION_FORMAT = "dwarf-with-dsym";
				ENABLE_NS_ASSERTIONS = NO;
				ENABLE_STRICT_OBJC_MSGSEND = YES;
				GCC_C_LANGUAGE_STANDARD = gnu11;
				GCC_NO_COMMON_BLOCKS = YES;
				GCC_WARN_64_TO_32_BIT_CONVERSION = YES;
				GCC_WARN_ABOUT_RETURN_TYPE = YES_ERROR;
				GCC_WARN_UNDECLARED_SELECTOR = YES;
				GCC_WARN_UNINITIALIZED_AUTOS = YES_AGGRESSIVE;
				GCC_WARN_UNUSED_FUNCTION = YES;
				GCC_WARN_UNUSED_VARIABLE = YES;
				IPHONEOS_DEPLOYMENT_TARGET = 11.4;
				MTL_ENABLE_DEBUG_INFO = NO;
				SDKROOT = iphoneos;
				VALIDATE_PRODUCT = YES;
			};
			name = Release;
		};
		2E1D17AF21B6A09200A473D9 /* Debug */ = {
			isa = XCBuildConfiguration;
			baseConfigurationReference = 088E4DF72C87DFB0AEC29C16 /* Pods-IOS_bin.debug.xcconfig */;
			buildSettings = {
				ASSETCATALOG_COMPILER_APPICON_NAME = AppIcon;
				CODE_SIGN_STYLE = Automatic;
				FRAMEWORK_SEARCH_PATHS = (
					"$(inherited)",
					"$(PROJECT_DIR)",
				);
				GCC_PRECOMPILE_PREFIX_HEADER = YES;
				GCC_PREFIX_HEADER = "$(SRCROOT)/IOS_bin/others/PrefixHeader.pch";
				INFOPLIST_FILE = IOS_bin/Info.plist;
				LD_RUNPATH_SEARCH_PATHS = (
					"$(inherited)",
					"@executable_path/Frameworks",
				);
				PRODUCT_BUNDLE_IDENTIFIER = "com.qmkl.IOS-bin";
				PRODUCT_NAME = "$(TARGET_NAME)";
				TARGETED_DEVICE_FAMILY = "1,2";
			};
			name = Debug;
		};
		2E1D17B021B6A09200A473D9 /* Release */ = {
			isa = XCBuildConfiguration;
			baseConfigurationReference = 4F096417AA67803393D52E0E /* Pods-IOS_bin.release.xcconfig */;
			buildSettings = {
				ASSETCATALOG_COMPILER_APPICON_NAME = AppIcon;
				CODE_SIGN_STYLE = Automatic;
				FRAMEWORK_SEARCH_PATHS = (
					"$(inherited)",
					"$(PROJECT_DIR)",
				);
				GCC_PRECOMPILE_PREFIX_HEADER = YES;
				GCC_PREFIX_HEADER = "$(SRCROOT)/IOS_bin/others/PrefixHeader.pch";
				INFOPLIST_FILE = IOS_bin/Info.plist;
				LD_RUNPATH_SEARCH_PATHS = (
					"$(inherited)",
					"@executable_path/Frameworks",
				);
				PRODUCT_BUNDLE_IDENTIFIER = "com.qmkl.IOS-bin";
				PRODUCT_NAME = "$(TARGET_NAME)";
				TARGETED_DEVICE_FAMILY = "1,2";
			};
			name = Release;
		};
		2E1D17B221B6A09200A473D9 /* Debug */ = {
			isa = XCBuildConfiguration;
			buildSettings = {
				BUNDLE_LOADER = "$(TEST_HOST)";
				CODE_SIGN_STYLE = Automatic;
				INFOPLIST_FILE = IOS_binTests/Info.plist;
				LD_RUNPATH_SEARCH_PATHS = (
					"$(inherited)",
					"@executable_path/Frameworks",
					"@loader_path/Frameworks",
				);
				PRODUCT_BUNDLE_IDENTIFIER = "com.qmkl.IOS-binTests";
				PRODUCT_NAME = "$(TARGET_NAME)";
				TARGETED_DEVICE_FAMILY = "1,2";
				TEST_HOST = "$(BUILT_PRODUCTS_DIR)/IOS_bin.app/IOS_bin";
			};
			name = Debug;
		};
		2E1D17B321B6A09200A473D9 /* Release */ = {
			isa = XCBuildConfiguration;
			buildSettings = {
				BUNDLE_LOADER = "$(TEST_HOST)";
				CODE_SIGN_STYLE = Automatic;
				INFOPLIST_FILE = IOS_binTests/Info.plist;
				LD_RUNPATH_SEARCH_PATHS = (
					"$(inherited)",
					"@executable_path/Frameworks",
					"@loader_path/Frameworks",
				);
				PRODUCT_BUNDLE_IDENTIFIER = "com.qmkl.IOS-binTests";
				PRODUCT_NAME = "$(TARGET_NAME)";
				TARGETED_DEVICE_FAMILY = "1,2";
				TEST_HOST = "$(BUILT_PRODUCTS_DIR)/IOS_bin.app/IOS_bin";
			};
			name = Release;
		};
		2E1D17B521B6A09200A473D9 /* Debug */ = {
			isa = XCBuildConfiguration;
			buildSettings = {
				CODE_SIGN_STYLE = Automatic;
				INFOPLIST_FILE = IOS_binUITests/Info.plist;
				LD_RUNPATH_SEARCH_PATHS = (
					"$(inherited)",
					"@executable_path/Frameworks",
					"@loader_path/Frameworks",
				);
				PRODUCT_BUNDLE_IDENTIFIER = "com.qmkl.IOS-binUITests";
				PRODUCT_NAME = "$(TARGET_NAME)";
				TARGETED_DEVICE_FAMILY = "1,2";
				TEST_TARGET_NAME = IOS_bin;
			};
			name = Debug;
		};
		2E1D17B621B6A09200A473D9 /* Release */ = {
			isa = XCBuildConfiguration;
			buildSettings = {
				CODE_SIGN_STYLE = Automatic;
				INFOPLIST_FILE = IOS_binUITests/Info.plist;
				LD_RUNPATH_SEARCH_PATHS = (
					"$(inherited)",
					"@executable_path/Frameworks",
					"@loader_path/Frameworks",
				);
				PRODUCT_BUNDLE_IDENTIFIER = "com.qmkl.IOS-binUITests";
				PRODUCT_NAME = "$(TARGET_NAME)";
				TARGETED_DEVICE_FAMILY = "1,2";
				TEST_TARGET_NAME = IOS_bin;
			};
			name = Release;
		};
/* End XCBuildConfiguration section */

/* Begin XCConfigurationList section */
		2E1D177D21B6A08F00A473D9 /* Build configuration list for PBXProject "IOS_bin" */ = {
			isa = XCConfigurationList;
			buildConfigurations = (
				2E1D17AC21B6A09200A473D9 /* Debug */,
				2E1D17AD21B6A09200A473D9 /* Release */,
			);
			defaultConfigurationIsVisible = 0;
			defaultConfigurationName = Release;
		};
		2E1D17AE21B6A09200A473D9 /* Build configuration list for PBXNativeTarget "IOS_bin" */ = {
			isa = XCConfigurationList;
			buildConfigurations = (
				2E1D17AF21B6A09200A473D9 /* Debug */,
				2E1D17B021B6A09200A473D9 /* Release */,
			);
			defaultConfigurationIsVisible = 0;
			defaultConfigurationName = Release;
		};
		2E1D17B121B6A09200A473D9 /* Build configuration list for PBXNativeTarget "IOS_binTests" */ = {
			isa = XCConfigurationList;
			buildConfigurations = (
				2E1D17B221B6A09200A473D9 /* Debug */,
				2E1D17B321B6A09200A473D9 /* Release */,
			);
			defaultConfigurationIsVisible = 0;
			defaultConfigurationName = Release;
		};
		2E1D17B421B6A09200A473D9 /* Build configuration list for PBXNativeTarget "IOS_binUITests" */ = {
			isa = XCConfigurationList;
			buildConfigurations = (
				2E1D17B521B6A09200A473D9 /* Debug */,
				2E1D17B621B6A09200A473D9 /* Release */,
			);
			defaultConfigurationIsVisible = 0;
			defaultConfigurationName = Release;
		};
/* End XCConfigurationList section */
	};
	rootObject = 2E1D177A21B6A08F00A473D9 /* Project object */;
}
